
Microsoft Visual Studio Solution File, Format Version 12.00
# Visual Studio Version 17
VisualStudioVersion = 17.14.36414.22 d17.14
MinimumVisualStudioVersion = 10.0.40219.1
Project("{FAE04EC0-301F-11D3-BF4B-00C04F79EFBC}") = "SIBDAT25_OOP_ToDoApp", "SIBDAT25_OOP_ToDoApp.csproj", "{A25AA182-0AE9-4508-929F-5AD8472EA200}"
EndProject
Global
	GlobalSection(SolutionConfigurationPlatforms) = preSolution
		Debug|Any CPU = Debug|Any CPU
		Release|Any CPU = Release|Any CPU
	EndGlobalSection
	GlobalSection(ProjectConfigurationPlatforms) = postSolution
		{A25AA182-0AE9-4508-929F-5AD8472EA200}.Debug|Any CPU.ActiveCfg = Debug|Any CPU
		{A25AA182-0AE9-4508-929F-5AD8472EA200}.Debug|Any CPU.Build.0 = Debug|Any CPU
		{A25AA182-0AE9-4508-929F-5AD8472EA200}.Release|Any CPU.ActiveCfg = Release|Any CPU
		{A25AA182-0AE9-4508-929F-5AD8472EA200}.Release|Any CPU.Build.0 = Release|Any CPU
	EndGlobalSection
	GlobalSection(SolutionProperties) = preSolution
		HideSolutionNode = FALSE
	EndGlobalSection
	GlobalSection(ExtensibilityGlobals) = postSolution
		SolutionGuid = {8C1952CA-3497-49A0-976F-83D2132A489E}
	EndGlobalSection
EndGlobal
